
Microsoft Visual Studio Solution File, Format Version 12.00
# Visual Studio 2013
VisualStudioVersion = 12.0.30723.0
MinimumVisualStudioVersion = 10.0.40219.1
Project("{FAE04EC0-301F-11D3-BF4B-00C04F79EFBC}") = "PowerShellTools", "PowerShellTools\PowerShellTools.csproj", "{456D66A8-E05E-496D-BDCE-AF24BBC12E0D}"
EndProject
Project("{FAE04EC0-301F-11D3-BF4B-00C04F79EFBC}") = "PowerShellTools.Test", "PowerShellTools.Test\PowerShellTools.Test.csproj", "{56CBAB0A-1CB3-416B-9F00-D2CE1372191D}"
EndProject
Project("{FAE04EC0-301F-11D3-BF4B-00C04F79EFBC}") = "PowerShellTools.TestAdapter", "PowerShellTools.TestAdapter\PowerShellTools.TestAdapter.csproj", "{DF4AB4F5-6B06-4AAE-AEE7-8CAB296DB5F9}"
EndProject
Project("{FAE04EC0-301F-11D3-BF4B-00C04F79EFBC}") = "ReplWindow", "ReplWindow\ReplWindow.csproj", "{20BB6FAC-44D2-4D76-ABFE-0C1E163A1A4F}"
	ProjectSection(ProjectDependencies) = postProject
		{C9D4AAC3-51D3-4ED9-AB9B-564D4D2D30E8} = {C9D4AAC3-51D3-4ED9-AB9B-564D4D2D30E8}
	EndProjectSection
EndProject
Project("{FAE04EC0-301F-11D3-BF4B-00C04F79EFBC}") = "PowerShellTools.Common", "PowershellTools.Common\PowerShellTools.Common.csproj", "{F62AB73F-FD18-4C6D-967C-5DB4CD14B92B}"
EndProject
Project("{FAE04EC0-301F-11D3-BF4B-00C04F79EFBC}") = "PowerShellTools.HostService", "PowershellTools.HostService\PowerShellTools.HostService.csproj", "{C9D4AAC3-51D3-4ED9-AB9B-564D4D2D30E8}"
EndProject
Project("{FAE04EC0-301F-11D3-BF4B-00C04F79EFBC}") = "PowerShellTools.HostService.UnitTest", "PowerShellTools.HostService.UnitTest\PowerShellTools.HostService.UnitTest.csproj", "{D5C4094D-04D7-4490-B506-22B9E9909EE4}"
EndProject
Project("{FAE04EC0-301F-11D3-BF4B-00C04F79EFBC}") = "PowerShellTools.Contracts", "PowerShellTools.PublicContract\PowerShellTools.Contracts.csproj", "{103C9AF2-F8A5-4BF0-A341-A43147C320AA}"
EndProject
Global
	GlobalSection(SolutionConfigurationPlatforms) = preSolution
		Debug|Any CPU = Debug|Any CPU
		Debug|x86 = Debug|x86
		Release|Any CPU = Release|Any CPU
		Release|x86 = Release|x86
	EndGlobalSection
	GlobalSection(ProjectConfigurationPlatforms) = postSolution
		{456D66A8-E05E-496D-BDCE-AF24BBC12E0D}.Debug|Any CPU.ActiveCfg = Debug|x86
		{456D66A8-E05E-496D-BDCE-AF24BBC12E0D}.Debug|Any CPU.Build.0 = Debug|x86
		{456D66A8-E05E-496D-BDCE-AF24BBC12E0D}.Debug|x86.ActiveCfg = Debug|x86
		{456D66A8-E05E-496D-BDCE-AF24BBC12E0D}.Debug|x86.Build.0 = Debug|x86
		{456D66A8-E05E-496D-BDCE-AF24BBC12E0D}.Release|Any CPU.ActiveCfg = Release|x86
		{456D66A8-E05E-496D-BDCE-AF24BBC12E0D}.Release|Any CPU.Build.0 = Release|x86
		{456D66A8-E05E-496D-BDCE-AF24BBC12E0D}.Release|x86.ActiveCfg = Release|x86
		{456D66A8-E05E-496D-BDCE-AF24BBC12E0D}.Release|x86.Build.0 = Release|x86
		{56CBAB0A-1CB3-416B-9F00-D2CE1372191D}.Debug|Any CPU.ActiveCfg = Debug|x86
		{56CBAB0A-1CB3-416B-9F00-D2CE1372191D}.Debug|Any CPU.Build.0 = Debug|x86
		{56CBAB0A-1CB3-416B-9F00-D2CE1372191D}.Debug|x86.ActiveCfg = Debug|x86
		{56CBAB0A-1CB3-416B-9F00-D2CE1372191D}.Debug|x86.Build.0 = Debug|x86
		{56CBAB0A-1CB3-416B-9F00-D2CE1372191D}.Release|Any CPU.ActiveCfg = Release|x86
		{56CBAB0A-1CB3-416B-9F00-D2CE1372191D}.Release|Any CPU.Build.0 = Release|x86
		{56CBAB0A-1CB3-416B-9F00-D2CE1372191D}.Release|x86.ActiveCfg = Release|x86
		{56CBAB0A-1CB3-416B-9F00-D2CE1372191D}.Release|x86.Build.0 = Release|x86
		{DF4AB4F5-6B06-4AAE-AEE7-8CAB296DB5F9}.Debug|Any CPU.ActiveCfg = Debug|Any CPU
		{DF4AB4F5-6B06-4AAE-AEE7-8CAB296DB5F9}.Debug|Any CPU.Build.0 = Debug|Any CPU
		{DF4AB4F5-6B06-4AAE-AEE7-8CAB296DB5F9}.Debug|x86.ActiveCfg = Debug|Any CPU
		{DF4AB4F5-6B06-4AAE-AEE7-8CAB296DB5F9}.Debug|x86.Build.0 = Debug|Any CPU
		{DF4AB4F5-6B06-4AAE-AEE7-8CAB296DB5F9}.Release|Any CPU.ActiveCfg = Release|Any CPU
		{DF4AB4F5-6B06-4AAE-AEE7-8CAB296DB5F9}.Release|Any CPU.Build.0 = Release|Any CPU
		{DF4AB4F5-6B06-4AAE-AEE7-8CAB296DB5F9}.Release|x86.ActiveCfg = Release|Any CPU
		{DF4AB4F5-6B06-4AAE-AEE7-8CAB296DB5F9}.Release|x86.Build.0 = Release|Any CPU
		{20BB6FAC-44D2-4D76-ABFE-0C1E163A1A4F}.Debug|Any CPU.ActiveCfg = Debug|Any CPU
		{20BB6FAC-44D2-4D76-ABFE-0C1E163A1A4F}.Debug|Any CPU.Build.0 = Debug|Any CPU
		{20BB6FAC-44D2-4D76-ABFE-0C1E163A1A4F}.Debug|x86.ActiveCfg = Debug|Any CPU
		{20BB6FAC-44D2-4D76-ABFE-0C1E163A1A4F}.Debug|x86.Build.0 = Debug|Any CPU
		{20BB6FAC-44D2-4D76-ABFE-0C1E163A1A4F}.Release|Any CPU.ActiveCfg = Release|Any CPU
		{20BB6FAC-44D2-4D76-ABFE-0C1E163A1A4F}.Release|Any CPU.Build.0 = Release|Any CPU
		{20BB6FAC-44D2-4D76-ABFE-0C1E163A1A4F}.Release|x86.ActiveCfg = Release|Any CPU
		{20BB6FAC-44D2-4D76-ABFE-0C1E163A1A4F}.Release|x86.Build.0 = Release|Any CPU
		{F62AB73F-FD18-4C6D-967C-5DB4CD14B92B}.Debug|Any CPU.ActiveCfg = Debug|Any CPU
		{F62AB73F-FD18-4C6D-967C-5DB4CD14B92B}.Debug|Any CPU.Build.0 = Debug|Any CPU
		{F62AB73F-FD18-4C6D-967C-5DB4CD14B92B}.Debug|x86.ActiveCfg = Debug|Any CPU
		{F62AB73F-FD18-4C6D-967C-5DB4CD14B92B}.Debug|x86.Build.0 = Debug|Any CPU
		{F62AB73F-FD18-4C6D-967C-5DB4CD14B92B}.Release|Any CPU.ActiveCfg = Release|Any CPU
		{F62AB73F-FD18-4C6D-967C-5DB4CD14B92B}.Release|Any CPU.Build.0 = Release|Any CPU
		{F62AB73F-FD18-4C6D-967C-5DB4CD14B92B}.Release|x86.ActiveCfg = Release|Any CPU
		{F62AB73F-FD18-4C6D-967C-5DB4CD14B92B}.Release|x86.Build.0 = Release|Any CPU
		{C9D4AAC3-51D3-4ED9-AB9B-564D4D2D30E8}.Debug|Any CPU.ActiveCfg = Debug|Any CPU
		{C9D4AAC3-51D3-4ED9-AB9B-564D4D2D30E8}.Debug|Any CPU.Build.0 = Debug|Any CPU
		{C9D4AAC3-51D3-4ED9-AB9B-564D4D2D30E8}.Debug|x86.ActiveCfg = Debug|Any CPU
		{C9D4AAC3-51D3-4ED9-AB9B-564D4D2D30E8}.Debug|x86.Build.0 = Debug|Any CPU
		{C9D4AAC3-51D3-4ED9-AB9B-564D4D2D30E8}.Release|Any CPU.ActiveCfg = Release|Any CPU
		{C9D4AAC3-51D3-4ED9-AB9B-564D4D2D30E8}.Release|Any CPU.Build.0 = Release|Any CPU
		{C9D4AAC3-51D3-4ED9-AB9B-564D4D2D30E8}.Release|x86.ActiveCfg = Release|Any CPU
		{C9D4AAC3-51D3-4ED9-AB9B-564D4D2D30E8}.Release|x86.Build.0 = Release|Any CPU
		{D5C4094D-04D7-4490-B506-22B9E9909EE4}.Debug|Any CPU.ActiveCfg = Debug|Any CPU
		{D5C4094D-04D7-4490-B506-22B9E9909EE4}.Debug|Any CPU.Build.0 = Debug|Any CPU
		{D5C4094D-04D7-4490-B506-22B9E9909EE4}.Debug|x86.ActiveCfg = Debug|Any CPU
		{D5C4094D-04D7-4490-B506-22B9E9909EE4}.Debug|x86.Build.0 = Debug|Any CPU
		{D5C4094D-04D7-4490-B506-22B9E9909EE4}.Release|Any CPU.ActiveCfg = Release|Any CPU
		{D5C4094D-04D7-4490-B506-22B9E9909EE4}.Release|Any CPU.Build.0 = Release|Any CPU
		{D5C4094D-04D7-4490-B506-22B9E9909EE4}.Release|x86.ActiveCfg = Release|Any CPU
		{D5C4094D-04D7-4490-B506-22B9E9909EE4}.Release|x86.Build.0 = Release|Any CPU
		{103C9AF2-F8A5-4BF0-A341-A43147C320AA}.Debug|Any CPU.ActiveCfg = Debug|Any CPU
		{103C9AF2-F8A5-4BF0-A341-A43147C320AA}.Debug|Any CPU.Build.0 = Debug|Any CPU
		{103C9AF2-F8A5-4BF0-A341-A43147C320AA}.Debug|x86.ActiveCfg = Debug|Any CPU
		{103C9AF2-F8A5-4BF0-A341-A43147C320AA}.Debug|x86.Build.0 = Debug|Any CPU
		{103C9AF2-F8A5-4BF0-A341-A43147C320AA}.Release|Any CPU.ActiveCfg = Release|Any CPU
		{103C9AF2-F8A5-4BF0-A341-A43147C320AA}.Release|Any CPU.Build.0 = Release|Any CPU
		{103C9AF2-F8A5-4BF0-A341-A43147C320AA}.Release|x86.ActiveCfg = Release|Any CPU
		{103C9AF2-F8A5-4BF0-A341-A43147C320AA}.Release|x86.Build.0 = Release|Any CPU
	EndGlobalSection
	GlobalSection(SolutionProperties) = preSolution
		HideSolutionNode = FALSE
	EndGlobalSection
EndGlobal
