
Microsoft Visual Studio Solution File, Format Version 12.00
# Visual Studio 2013
VisualStudioVersion = 12.0.30723.0
MinimumVisualStudioVersion = 10.0.40219.1
Project("{FAE04EC0-301F-11D3-BF4B-00C04F79EFBC}") = "PowerShellTools", "PowerShellTools\PowerShellTools.csproj", "{456D66A8-E05E-496D-BDCE-AF24BBC12E0D}"
EndProject
Project("{FAE04EC0-301F-11D3-BF4B-00C04F79EFBC}") = "PowerShellTools.Test", "PowerShellTools.Test\PowerShellTools.Test.csproj", "{56CBAB0A-1CB3-416B-9F00-D2CE1372191D}"
EndProject
Project("{FAE04EC0-301F-11D3-BF4B-00C04F79EFBC}") = "PowerShellTools.TestAdapter", "PowerShellTools.TestAdapter\PowerShellTools.TestAdapter.csproj", "{DF4AB4F5-6B06-4AAE-AEE7-8CAB296DB5F9}"
EndProject
Project("{FAE04EC0-301F-11D3-BF4B-00C04F79EFBC}") = "PowerShellTools.Repl", "ReplWindow\PowerShellTools.Repl.csproj", "{6F6BDC5F-B24C-4AA7-8C81-C9C7F406E50A}"
EndProject
Project("{FAE04EC0-301F-11D3-BF4B-00C04F79EFBC}") = "PowerShellTools.Common", "PowershellTools.Common\PowerShellTools.Common.csproj", "{F62AB73F-FD18-4C6D-967C-5DB4CD14B92B}"
EndProject
Project("{FAE04EC0-301F-11D3-BF4B-00C04F79EFBC}") = "PowerShellTools.HostService.UnitTest", "PowerShellTools.HostService.UnitTest\PowerShellTools.HostService.UnitTest.csproj", "{D5C4094D-04D7-4490-B506-22B9E9909EE4}"
EndProject
Project("{FAE04EC0-301F-11D3-BF4B-00C04F79EFBC}") = "PowerShellTools.Contracts", "PowerShellTools.PublicContract\PowerShellTools.Contracts.csproj", "{103C9AF2-F8A5-4BF0-A341-A43147C320AA}"
EndProject
Project("{2150E333-8FDC-42A3-9474-1A3956D46DE8}") = "Build", "Build", "{D28D5434-20BA-4BFD-BA3B-F98178134E83}"
	ProjectSection(SolutionItems) = preProject
		Build\AssemblyInfoCommon.cs = Build\AssemblyInfoCommon.cs
		Build\AssemblyVersion.cs = Build\AssemblyVersion.cs
		Build\Common.Build.CSharp.settings = Build\Common.Build.CSharp.settings
		Build\Common.Build.settings = Build\Common.Build.settings
		Build\Common.Build.targets = Build\Common.Build.targets
		Build\FinalPublicKey.snk = Build\FinalPublicKey.snk
		Build\ProjectAfter.settings = Build\ProjectAfter.settings
		Build\ProjectBefore.settings = Build\ProjectBefore.settings
	EndProjectSection
EndProject
Project("{2150E333-8FDC-42A3-9474-1A3956D46DE8}") = "Solution Items", "Solution Items", "{F0ABCB13-D647-4D44-ACCD-C31A69EC979D}"
	ProjectSection(SolutionItems) = preProject
		appveyor.yml = appveyor.yml
		README.md = README.md
	EndProjectSection
EndProject
Project("{FAE04EC0-301F-11D3-BF4B-00C04F79EFBC}") = "PowerShellTools.HostService", "PowerShellTools.HostService\PowerShellTools.HostService.csproj", "{8B0F3DB2-AD3D-4D3A-85C3-4850263054E9}"
EndProject
Project("{FAE04EC0-301F-11D3-BF4B-00C04F79EFBC}") = "PowerShell.HostService.Console", "PowerShell.HostService.Console\PowerShell.HostService.Console.csproj", "{E84FC12D-897F-4244-B44C-B42839D677A4}"
EndProject
Global
	GlobalSection(SolutionConfigurationPlatforms) = preSolution
		Debug|Any CPU = Debug|Any CPU
		Release|Any CPU = Release|Any CPU
	EndGlobalSection
	GlobalSection(ProjectConfigurationPlatforms) = postSolution
		{456D66A8-E05E-496D-BDCE-AF24BBC12E0D}.Debug|Any CPU.ActiveCfg = Debug|Any CPU
		{456D66A8-E05E-496D-BDCE-AF24BBC12E0D}.Debug|Any CPU.Build.0 = Debug|Any CPU
		{456D66A8-E05E-496D-BDCE-AF24BBC12E0D}.Release|Any CPU.ActiveCfg = Release|Any CPU
		{456D66A8-E05E-496D-BDCE-AF24BBC12E0D}.Release|Any CPU.Build.0 = Release|Any CPU
		{56CBAB0A-1CB3-416B-9F00-D2CE1372191D}.Debug|Any CPU.ActiveCfg = Debug|Any CPU
		{56CBAB0A-1CB3-416B-9F00-D2CE1372191D}.Debug|Any CPU.Build.0 = Debug|Any CPU
		{56CBAB0A-1CB3-416B-9F00-D2CE1372191D}.Release|Any CPU.ActiveCfg = Release|Any CPU
		{56CBAB0A-1CB3-416B-9F00-D2CE1372191D}.Release|Any CPU.Build.0 = Release|Any CPU
		{DF4AB4F5-6B06-4AAE-AEE7-8CAB296DB5F9}.Debug|Any CPU.ActiveCfg = Debug|Any CPU
		{DF4AB4F5-6B06-4AAE-AEE7-8CAB296DB5F9}.Debug|Any CPU.Build.0 = Debug|Any CPU
		{DF4AB4F5-6B06-4AAE-AEE7-8CAB296DB5F9}.Release|Any CPU.ActiveCfg = Release|Any CPU
		{DF4AB4F5-6B06-4AAE-AEE7-8CAB296DB5F9}.Release|Any CPU.Build.0 = Release|Any CPU
		{6F6BDC5F-B24C-4AA7-8C81-C9C7F406E50A}.Debug|Any CPU.ActiveCfg = Debug|Any CPU
		{6F6BDC5F-B24C-4AA7-8C81-C9C7F406E50A}.Debug|Any CPU.Build.0 = Debug|Any CPU
		{6F6BDC5F-B24C-4AA7-8C81-C9C7F406E50A}.Release|Any CPU.ActiveCfg = Release|Any CPU
		{6F6BDC5F-B24C-4AA7-8C81-C9C7F406E50A}.Release|Any CPU.Build.0 = Release|Any CPU
		{F62AB73F-FD18-4C6D-967C-5DB4CD14B92B}.Debug|Any CPU.ActiveCfg = Debug|Any CPU
		{F62AB73F-FD18-4C6D-967C-5DB4CD14B92B}.Debug|Any CPU.Build.0 = Debug|Any CPU
		{F62AB73F-FD18-4C6D-967C-5DB4CD14B92B}.Release|Any CPU.ActiveCfg = Release|Any CPU
		{F62AB73F-FD18-4C6D-967C-5DB4CD14B92B}.Release|Any CPU.Build.0 = Release|Any CPU
		{D5C4094D-04D7-4490-B506-22B9E9909EE4}.Debug|Any CPU.ActiveCfg = Debug|Any CPU
		{D5C4094D-04D7-4490-B506-22B9E9909EE4}.Debug|Any CPU.Build.0 = Debug|Any CPU
		{D5C4094D-04D7-4490-B506-22B9E9909EE4}.Release|Any CPU.ActiveCfg = Release|Any CPU
		{D5C4094D-04D7-4490-B506-22B9E9909EE4}.Release|Any CPU.Build.0 = Release|Any CPU
		{103C9AF2-F8A5-4BF0-A341-A43147C320AA}.Debug|Any CPU.ActiveCfg = Debug|Any CPU
		{103C9AF2-F8A5-4BF0-A341-A43147C320AA}.Debug|Any CPU.Build.0 = Debug|Any CPU
		{103C9AF2-F8A5-4BF0-A341-A43147C320AA}.Release|Any CPU.ActiveCfg = Release|Any CPU
		{103C9AF2-F8A5-4BF0-A341-A43147C320AA}.Release|Any CPU.Build.0 = Release|Any CPU
		{8B0F3DB2-AD3D-4D3A-85C3-4850263054E9}.Debug|Any CPU.ActiveCfg = Debug|Any CPU
		{8B0F3DB2-AD3D-4D3A-85C3-4850263054E9}.Debug|Any CPU.Build.0 = Debug|Any CPU
		{8B0F3DB2-AD3D-4D3A-85C3-4850263054E9}.Release|Any CPU.ActiveCfg = Release|Any CPU
		{8B0F3DB2-AD3D-4D3A-85C3-4850263054E9}.Release|Any CPU.Build.0 = Release|Any CPU
		{E84FC12D-897F-4244-B44C-B42839D677A4}.Debug|Any CPU.ActiveCfg = Debug|Any CPU
		{E84FC12D-897F-4244-B44C-B42839D677A4}.Debug|Any CPU.Build.0 = Debug|Any CPU
		{E84FC12D-897F-4244-B44C-B42839D677A4}.Release|Any CPU.ActiveCfg = Release|Any CPU
		{E84FC12D-897F-4244-B44C-B42839D677A4}.Release|Any CPU.Build.0 = Release|Any CPU
	EndGlobalSection
	GlobalSection(SolutionProperties) = preSolution
		HideSolutionNode = FALSE
	EndGlobalSection
EndGlobal
